// !$*UTF8*$!
{
	archiveVersion = 1;
	classes = {
	};
	objectVersion = 46;
	objects = {

/* Begin PBXBuildFile section */
		D4C9B5831E3668DE00B6DCC1 /* AppDelegate.swift in Sources */ = {isa = PBXBuildFile; fileRef = D4C9B5821E3668DE00B6DCC1 /* AppDelegate.swift */; };
		D4C9B5851E3668DE00B6DCC1 /* ViewController.swift in Sources */ = {isa = PBXBuildFile; fileRef = D4C9B5841E3668DE00B6DCC1 /* ViewController.swift */; };
		D4C9B5881E3668DE00B6DCC1 /* Main.storyboard in Resources */ = {isa = PBXBuildFile; fileRef = D4C9B5861E3668DE00B6DCC1 /* Main.storyboard */; };
		D4C9B58A1E3668DE00B6DCC1 /* Assets.xcassets in Resources */ = {isa = PBXBuildFile; fileRef = D4C9B5891E3668DE00B6DCC1 /* Assets.xcassets */; };
		D4C9B58D1E3668DE00B6DCC1 /* LaunchScreen.storyboard in Resources */ = {isa = PBXBuildFile; fileRef = D4C9B58B1E3668DE00B6DCC1 /* LaunchScreen.storyboard */; };
/* End PBXBuildFile section */

/* Begin PBXFileReference section */
		D4C9B57F1E3668DE00B6DCC1 /* HappyDays.app */ = {isa = PBXFileReference; explicitFileType = wrapper.application; includeInIndex = 0; path = HappyDays.app; sourceTree = BUILT_PRODUCTS_DIR; };
		D4C9B5821E3668DE00B6DCC1 /* AppDelegate.swift */ = {isa = PBXFileReference; lastKnownFileType = sourcecode.swift; path = AppDelegate.swift; sourceTree = "<group>"; };
		D4C9B5841E3668DE00B6DCC1 /* ViewController.swift */ = {isa = PBXFileReference; lastKnownFileType = sourcecode.swift; path = ViewController.swift; sourceTree = "<group>"; };
		D4C9B5871E3668DE00B6DCC1 /* Base */ = {isa = PBXFileReference; lastKnownFileType = file.storyboard; name = Base; path = Base.lproj/Main.storyboard; sourceTree = "<group>"; };
		D4C9B5891E3668DE00B6DCC1 /* Assets.xcassets */ = {isa = PBXFileReference; lastKnownFileType = folder.assetcatalog; path = Assets.xcassets; sourceTree = "<group>"; };
		D4C9B58C1E3668DE00B6DCC1 /* Base */ = {isa = PBXFileReference; lastKnownFileType = file.storyboard; name = Base; path = Base.lproj/LaunchScreen.storyboard; sourceTree = "<group>"; };
		D4C9B58E1E3668DE00B6DCC1 /* Info.plist */ = {isa = PBXFileReference; lastKnownFileType = text.plist.xml; path = Info.plist; sourceTree = "<group>"; };
/* End PBXFileReference section */

/* Begin PBXFrameworksBuildPhase section */
		D4C9B57C1E3668DE00B6DCC1 /* Frameworks */ = {
			isa = PBXFrameworksBuildPhase;
			buildActionMask = 2147483647;
			files = (
			);
			runOnlyForDeploymentPostprocessing = 0;
		};
/* End PBXFrameworksBuildPhase section */

/* Begin PBXGroup section */
		D4C9B5761E3668DE00B6DCC1 = {
			isa = PBXGroup;
			children = (
				D4C9B5811E3668DE00B6DCC1 /* HappyDays */,
				D4C9B5801E3668DE00B6DCC1 /* Products */,
			);
			sourceTree = "<group>";
		};
		D4C9B5801E3668DE00B6DCC1 /* Products */ = {
			isa = PBXGroup;
			children = (
				D4C9B57F1E3668DE00B6DCC1 /* HappyDays.app */,
			);
			name = Products;
			sourceTree = "<group>";
		};
		D4C9B5811E3668DE00B6DCC1 /* HappyDays */ = {
			isa = PBXGroup;
			children = (
				D4C9B5821E3668DE00B6DCC1 /* AppDelegate.swift */,
				D4C9B5841E3668DE00B6DCC1 /* ViewController.swift */,
				D4C9B5861E3668DE00B6DCC1 /* Main.storyboard */,
				D4C9B5891E3668DE00B6DCC1 /* Assets.xcassets */,
				D4C9B58B1E3668DE00B6DCC1 /* LaunchScreen.storyboard */,
				D4C9B58E1E3668DE00B6DCC1 /* Info.plist */,
			);
			path = HappyDays;
			sourceTree = "<group>";
		};
/* End PBXGroup section */

/* Begin PBXNativeTarget section */
		D4C9B57E1E3668DE00B6DCC1 /* HappyDays */ = {
			isa = PBXNativeTarget;
			buildConfigurationList = D4C9B5911E3668DE00B6DCC1 /* Build configuration list for PBXNativeTarget "HappyDays" */;
			buildPhases = (
				D4C9B57B1E3668DE00B6DCC1 /* Sources */,
				D4C9B57C1E3668DE00B6DCC1 /* Frameworks */,
				D4C9B57D1E3668DE00B6DCC1 /* Resources */,
			);
			buildRules = (
			);
			dependencies = (
			);
			name = HappyDays;
			productName = HappyDays;
			productReference = D4C9B57F1E3668DE00B6DCC1 /* HappyDays.app */;
			productType = "com.apple.product-type.application";
		};
/* End PBXNativeTarget section */

/* Begin PBXProject section */
		D4C9B5771E3668DE00B6DCC1 /* Project object */ = {
			isa = PBXProject;
			attributes = {
				LastSwiftUpdateCheck = 0810;
				LastUpgradeCheck = 0810;
				ORGANIZATIONNAME = "Joe Sherratt";
				TargetAttributes = {
					D4C9B57E1E3668DE00B6DCC1 = {
						CreatedOnToolsVersion = 8.1;
						DevelopmentTeam = T2WARM6VRQ;
						ProvisioningStyle = Automatic;
					};
				};
			};
			buildConfigurationList = D4C9B57A1E3668DE00B6DCC1 /* Build configuration list for PBXProject "HappyDays" */;
			compatibilityVersion = "Xcode 3.2";
			developmentRegion = English;
			hasScannedForEncodings = 0;
			knownRegions = (
				en,
				Base,
			);
			mainGroup = D4C9B5761E3668DE00B6DCC1;
			productRefGroup = D4C9B5801E3668DE00B6DCC1 /* Products */;
			projectDirPath = "";
			projectRoot = "";
			targets = (
				D4C9B57E1E3668DE00B6DCC1 /* HappyDays */,
			);
		};
/* End PBXProject section */

/* Begin PBXResourcesBuildPhase section */
		D4C9B57D1E3668DE00B6DCC1 /* Resources */ = {
			isa = PBXResourcesBuildPhase;
			buildActionMask = 2147483647;
			files = (
				D4C9B58D1E3668DE00B6DCC1 /* LaunchScreen.storyboard in Resources */,
				D4C9B58A1E3668DE00B6DCC1 /* Assets.xcassets in Resources */,
				D4C9B5881E3668DE00B6DCC1 /* Main.storyboard in Resources */,
			);
			runOnlyForDeploymentPostprocessing = 0;
		};
/* End PBXResourcesBuildPhase section */

/* Begin PBXSourcesBuildPhase section */
		D4C9B57B1E3668DE00B6DCC1 /* Sources */ = {
			isa = PBXSourcesBuildPhase;
			buildActionMask = 2147483647;
			files = (
				D4C9B5851E3668DE00B6DCC1 /* ViewController.swift in Sources */,
				D4C9B5831E3668DE00B6DCC1 /* AppDelegate.swift in Sources */,
			);
			runOnlyForDeploymentPostprocessing = 0;
		};
/* End PBXSourcesBuildPhase section */

/* Begin PBXVariantGroup section */
		D4C9B5861E3668DE00B6DCC1 /* Main.storyboard */ = {
			isa = PBXVariantGroup;
			children = (
				D4C9B5871E3668DE00B6DCC1 /* Base */,
			);
			name = Main.storyboard;
			sourceTree = "<group>";
		};
		D4C9B58B1E3668DE00B6DCC1 /* LaunchScreen.storyboard */ = {
			isa = PBXVariantGroup;
			children = (
				D4C9B58C1E3668DE00B6DCC1 /* Base */,
			);
			name = LaunchScreen.storyboard;
			sourceTree = "<group>";
		};
/* End PBXVariantGroup section */

/* Begin XCBuildConfiguration section */
		D4C9B58F1E3668DE00B6DCC1 /* Debug */ = {
			isa = XCBuildConfiguration;
			buildSettings = {
				ALWAYS_SEARCH_USER_PATHS = NO;
				CLANG_ANALYZER_NONNULL = YES;
				CLANG_CXX_LANGUAGE_STANDARD = "gnu++0x";
				CLANG_CXX_LIBRARY = "libc++";
				CLANG_ENABLE_MODULES = YES;
				CLANG_ENABLE_OBJC_ARC = YES;
				CLANG_WARN_BOOL_CONVERSION = YES;
				CLANG_WARN_CONSTANT_CONVERSION = YES;
				CLANG_WARN_DIRECT_OBJC_ISA_USAGE = YES_ERROR;
				CLANG_WARN_DOCUMENTATION_COMMENTS = YES;
				CLANG_WARN_EMPTY_BODY = YES;
				CLANG_WARN_ENUM_CONVERSION = YES;
				CLANG_WARN_INFINITE_RECURSION = YES;
				CLANG_WARN_INT_CONVERSION = YES;
				CLANG_WARN_OBJC_ROOT_CLASS = YES_ERROR;
				CLANG_WARN_SUSPICIOUS_MOVES = YES;
				CLANG_WARN_UNREACHABLE_CODE = YES;
				CLANG_WARN__DUPLICATE_METHOD_MATCH = YES;
				"CODE_SIGN_IDENTITY[sdk=iphoneos*]" = "iPhone Developer";
				COPY_PHASE_STRIP = NO;
				DEBUG_INFORMATION_FORMAT = dwarf;
				ENABLE_STRICT_OBJC_MSGSEND = YES;
				ENABLE_TESTABILITY = YES;
				GCC_C_LANGUAGE_STANDARD = gnu99;
				GCC_DYNAMIC_NO_PIC = NO;
				GCC_NO_COMMON_BLOCKS = YES;
				GCC_OPTIMIZATION_LEVEL = 0;
				GCC_PREPROCESSOR_DEFINITIONS = (
					"DEBUG=1",
					"$(inherited)",
				);
				GCC_WARN_64_TO_32_BIT_CONVERSION = YES;
				GCC_WARN_ABOUT_RETURN_TYPE = YES_ERROR;
				GCC_WARN_UNDECLARED_SELECTOR = YES;
				GCC_WARN_UNINITIALIZED_AUTOS = YES_AGGRESSIVE;
				GCC_WARN_UNUSED_FUNCTION = YES;
				GCC_WARN_UNUSED_VARIABLE = YES;
				IPHONEOS_DEPLOYMENT_TARGET = 10.1;
				MTL_ENABLE_DEBUG_INFO = YES;
				ONLY_ACTIVE_ARCH = YES;
				SDKROOT = iphoneos;
				SWIFT_ACTIVE_COMPILATION_CONDITIONS = DEBUG;
				SWIFT_OPTIMIZATION_LEVEL = "-Onone";
			};
			name = Debug;
		};
		D4C9B5901E3668DE00B6DCC1 /* Release */ = {
			isa = XCBuildConfiguration;
			buildSettings = {
				ALWAYS_SEARCH_USER_PATHS = NO;
				CLANG_ANALYZER_NONNULL = YES;
				CLANG_CXX_LANGUAGE_STANDARD = "gnu++0x";
				CLANG_CXX_LIBRARY = "libc++";
				CLANG_ENABLE_MODULES = YES;
				CLANG_ENABLE_OBJC_ARC = YES;
				CLANG_WARN_BOOL_CONVERSION = YES;
				CLANG_WARN_CONSTANT_CONVERSION = YES;
				CLANG_WARN_DIRECT_OBJC_ISA_USAGE = YES_ERROR;
				CLANG_WARN_DOCUMENTATION_COMMENTS = YES;
				CLANG_WARN_EMPTY_BODY = YES;
				CLANG_WARN_ENUM_CONVERSION = YES;
				CLANG_WARN_INFINITE_RECURSION = YES;
				CLANG_WARN_INT_CONVERSION = YES;
				CLANG_WARN_OBJC_ROOT_CLASS = YES_ERROR;
				CLANG_WARN_SUSPICIOUS_MOVES = YES;
				CLANG_WARN_UNREACHABLE_CODE = YES;
				CLANG_WARN__DUPLICATE_METHOD_MATCH = YES;
				"CODE_SIGN_IDENTITY[sdk=iphoneos*]" = "iPhone Developer";
				COPY_PHASE_STRIP = NO;
				DEBUG_INFORMATION_FORMAT = "dwarf-with-dsym";
				ENABLE_NS_ASSERTIONS = NO;
				ENABLE_STRICT_OBJC_MSGSEND = YES;
				GCC_C_LANGUAGE_STANDARD = gnu99;
				GCC_NO_COMMON_BLOCKS = YES;
				GCC_WARN_64_TO_32_BIT_CONVERSION = YES;
				GCC_WARN_ABOUT_RETURN_TYPE = YES_ERROR;
				GCC_WARN_UNDECLARED_SELECTOR = YES;
				GCC_WARN_UNINITIALIZED_AUTOS = YES_AGGRESSIVE;
				GCC_WARN_UNUSED_FUNCTION = YES;
				GCC_WARN_UNUSED_VARIABLE = YES;
				IPHONEOS_DEPLOYMENT_TARGET = 10.1;
				MTL_ENABLE_DEBUG_INFO = NO;
				SDKROOT = iphoneos;
				SWIFT_OPTIMIZATION_LEVEL = "-Owholemodule";
				VALIDATE_PRODUCT = YES;
			};
			name = Release;
		};
		D4C9B5921E3668DE00B6DCC1 /* Debug */ = {
			isa = XCBuildConfiguration;
			buildSettings = {
				ASSETCATALOG_COMPILER_APPICON_NAME = AppIcon;
				DEVELOPMENT_TEAM = T2WARM6VRQ;
				INFOPLIST_FILE = HappyDays/Info.plist;
				LD_RUNPATH_SEARCH_PATHS = "$(inherited) @executable_path/Frameworks";
				PRODUCT_BUNDLE_IDENTIFIER = com.jsherratt.HappyDays;
				PRODUCT_NAME = "$(TARGET_NAME)";
				SWIFT_VERSION = 3.0;
			};
			name = Debug;
		};
		D4C9B5931E3668DE00B6DCC1 /* Release */ = {
			isa = XCBuildConfiguration;
			buildSettings = {
				ASSETCATALOG_COMPILER_APPICON_NAME = AppIcon;
				DEVELOPMENT_TEAM = T2WARM6VRQ;
				INFOPLIST_FILE = HappyDays/Info.plist;
				LD_RUNPATH_SEARCH_PATHS = "$(inherited) @executable_path/Frameworks";
				PRODUCT_BUNDLE_IDENTIFIER = com.jsherratt.HappyDays;
				PRODUCT_NAME = "$(TARGET_NAME)";
				SWIFT_VERSION = 3.0;
			};
			name = Release;
		};
/* End XCBuildConfiguration section */

/* Begin XCConfigurationList section */
		D4C9B57A1E3668DE00B6DCC1 /* Build configuration list for PBXProject "HappyDays" */ = {
			isa = XCConfigurationList;
			buildConfigurations = (
				D4C9B58F1E3668DE00B6DCC1 /* Debug */,
				D4C9B5901E3668DE00B6DCC1 /* Release */,
			);
			defaultConfigurationIsVisible = 0;
			defaultConfigurationName = Release;
		};
		D4C9B5911E3668DE00B6DCC1 /* Build configuration list for PBXNativeTarget "HappyDays" */ = {
			isa = XCConfigurationList;
			buildConfigurations = (
				D4C9B5921E3668DE00B6DCC1 /* Debug */,
				D4C9B5931E3668DE00B6DCC1 /* Release */,
			);
			defaultConfigurationIsVisible = 0;
		};
/* End XCConfigurationList section */
	};
	rootObject = D4C9B5771E3668DE00B6DCC1 /* Project object */;
}
